
Microsoft Visual Studio Solution File, Format Version 12.00
# Visual Studio Version 17
VisualStudioVersion = 17.4.33213.308
MinimumVisualStudioVersion = 10.0.40219.1
Project("{9A19103F-16F7-4668-BE54-9A1E7A4F7556}") = "SoupCatUtils", "SoupCatUtils\SoupCatUtils.csproj", "{13C812E9-0D42-4B95-8646-40EEBF30636F}"
EndProject
Project("{9A19103F-16F7-4668-BE54-9A1E7A4F7556}") = "ECommons", "lib\ECommons\ECommons\ECommons.csproj", "{A976480A-58C9-469F-8558-C0D3D8E1FF76}"
EndProject
Project("{FAE04EC0-301F-11D3-BF4B-00C04F79EFBC}") = "Tests", "Tests\Tests.csproj", "{EDE10EC1-3664-4785-AB73-E7732D6E9AF7}"
EndProject
Global
	GlobalSection(SolutionConfigurationPlatforms) = preSolution
		Debug|x64 = Debug|x64
		ILRepackTest|x64 = ILRepackTest|x64
		PersonalRelease|x64 = PersonalRelease|x64
		Release|x64 = Release|x64
	EndGlobalSection
	GlobalSection(ProjectConfigurationPlatforms) = postSolution
		{13C812E9-0D42-4B95-8646-40EEBF30636F}.Debug|x64.ActiveCfg = Debug|x64
		{13C812E9-0D42-4B95-8646-40EEBF30636F}.Debug|x64.Build.0 = Debug|x64
		{13C812E9-0D42-4B95-8646-40EEBF30636F}.ILRepackTest|x64.ActiveCfg = ILRepackTest|x64
		{13C812E9-0D42-4B95-8646-40EEBF30636F}.ILRepackTest|x64.Build.0 = ILRepackTest|x64
		{13C812E9-0D42-4B95-8646-40EEBF30636F}.PersonalRelease|x64.ActiveCfg = PersonalRelease|x64
		{13C812E9-0D42-4B95-8646-40EEBF30636F}.PersonalRelease|x64.Build.0 = PersonalRelease|x64
		{13C812E9-0D42-4B95-8646-40EEBF30636F}.Release|x64.ActiveCfg = Release|x64
		{13C812E9-0D42-4B95-8646-40EEBF30636F}.Release|x64.Build.0 = Release|x64
		{A976480A-58C9-469F-8558-C0D3D8E1FF76}.Debug|x64.ActiveCfg = Debug|x64
		{A976480A-58C9-469F-8558-C0D3D8E1FF76}.Debug|x64.Build.0 = Debug|x64
		{A976480A-58C9-469F-8558-C0D3D8E1FF76}.ILRepackTest|x64.ActiveCfg = Debug|x64
		{A976480A-58C9-469F-8558-C0D3D8E1FF76}.ILRepackTest|x64.Build.0 = Debug|x64
		{A976480A-58C9-469F-8558-C0D3D8E1FF76}.PersonalRelease|x64.ActiveCfg = Debug|x64
		{A976480A-58C9-469F-8558-C0D3D8E1FF76}.PersonalRelease|x64.Build.0 = Debug|x64
		{A976480A-58C9-469F-8558-C0D3D8E1FF76}.Release|x64.ActiveCfg = Release|x64
		{A976480A-58C9-469F-8558-C0D3D8E1FF76}.Release|x64.Build.0 = Release|x64
		{EDE10EC1-3664-4785-AB73-E7732D6E9AF7}.Debug|x64.ActiveCfg = Debug|x64
		{EDE10EC1-3664-4785-AB73-E7732D6E9AF7}.Debug|x64.Build.0 = Debug|x64
		{EDE10EC1-3664-4785-AB73-E7732D6E9AF7}.ILRepackTest|x64.ActiveCfg = Debug|x64
		{EDE10EC1-3664-4785-AB73-E7732D6E9AF7}.PersonalRelease|x64.ActiveCfg = Release|x64
		{EDE10EC1-3664-4785-AB73-E7732D6E9AF7}.Release|x64.ActiveCfg = Release|x64
	EndGlobalSection
	GlobalSection(SolutionProperties) = preSolution
		HideSolutionNode = FALSE
	EndGlobalSection
	GlobalSection(ExtensibilityGlobals) = postSolution
		SolutionGuid = {B17E85B1-5F60-4440-9F9A-3DDE877E8CDF}
	EndGlobalSection
EndGlobal
