{
  "version": 1,
  "dependencies": {
    "net8.0-windows7.0": {
      "DalamudPackager": {
        "type": "Direct",
        "requested": "[2.1.12, )",
        "resolved": "2.1.12",
        "contentHash": "Sc0PVxvgg4NQjcI8n10/VfUQBAS4O+Fw2pZrAqBdRMbthYGeogzu5+xmIGCGmsEZ/ukMOBuAqiNiB5qA3MRalg=="
      },
      "ILRepack": {
        "type": "Direct",
        "requested": "[2.0.33, )",
        "resolved": "2.0.33",
        "contentHash": "xb2h1CsOepoYwdXEPui9VcQglwABQwNf9cccZbf+acarEzF5PUp8Xx71nFXIhOgEdm6wrxAoF6xAxK4m/XFRUQ=="
      },
      "MSBuildTasks": {
        "type": "Direct",
        "requested": "[1.5.0.235, )",
        "resolved": "1.5.0.235",
        "contentHash": "pP/oxACREn0tIf8s05FLu9FuZoGRuztYHjy6HntPkhuwQ/dY62ZVlENuKNhUcUaNaSmM2QyR4Vi2Dt4eTqByRg=="
      },
      "ecommons": {
        "type": "Project"
      }
    }
  }
}