{
  "version": 1,
  "dependencies": {
    "net7.0-windows7.0": {
      "DalamudPackager": {
        "type": "Direct",
        "requested": "[2.1.11, )",
        "resolved": "2.1.11",
        "contentHash": "9qlAWoRRTiL/geAvuwR/g6Bcbrd/bJJgVnB/RurBiyKs6srsP0bvpoo8IK+Eg8EA6jWeM6/YJWs66w4FIAzqPw=="
      },
      "ILRepack": {
        "type": "Direct",
        "requested": "[2.0.18, )",
        "resolved": "2.0.18",
        "contentHash": "sR5Aj3JLDbA8JwESfWYfigSz5k1oNSHPN434W1LX8sboWJYEOSQP/KkvZGmJKPgajzSUKkl2jDar3LPZiMFU4Q=="
      },
      "MSBuildTasks": {
        "type": "Direct",
        "requested": "[1.5.0.235, )",
        "resolved": "1.5.0.235",
        "contentHash": "pP/oxACREn0tIf8s05FLu9FuZoGRuztYHjy6HntPkhuwQ/dY62ZVlENuKNhUcUaNaSmM2QyR4Vi2Dt4eTqByRg=="
      },
      "ecommons": {
        "type": "Project"
      }
    }
  }
}